
Microsoft Visual Studio Solution File, Format Version 12.00
# Visual Studio Version 17
VisualStudioVersion = 17.11.35222.181
MinimumVisualStudioVersion = 10.0.40219.1
Project("{FAE04EC0-301F-11D3-BF4B-00C04F79EFBC}") = "Modelos", "Modelos\Modelos.csproj", "{FBE98E36-A9E3-4DBF-A875-61F40E7929C4}"
	ProjectSection(ProjectDependencies) = postProject
		{6243C1B5-6518-4904-B65F-25B63A07BD19} = {6243C1B5-6518-4904-B65F-25B63A07BD19}
	EndProjectSection
EndProject
Project("{FAE04EC0-301F-11D3-BF4B-00C04F79EFBC}") = "Controladores", "Controladores\Controladores.csproj", "{784A4B43-BD96-479E-9C89-B4F9B9C47788}"
EndProject
Project("{00D1A9C2-B5F0-4AF3-8072-F6C62B433612}") = "BaseDados", "BaseDados\BaseDados.sqlproj", "{6243C1B5-6518-4904-B65F-25B63A07BD19}"
EndProject
Project("{FAE04EC0-301F-11D3-BF4B-00C04F79EFBC}") = "BackOffice", "Janelas\BackOffice.csproj", "{AC6480DF-1813-45B9-99FE-B7B4A233E1F1}"
EndProject
Global
	GlobalSection(SolutionConfigurationPlatforms) = preSolution
		Debug|Any CPU = Debug|Any CPU
		Release|Any CPU = Release|Any CPU
	EndGlobalSection
	GlobalSection(ProjectConfigurationPlatforms) = postSolution
		{FBE98E36-A9E3-4DBF-A875-61F40E7929C4}.Debug|Any CPU.ActiveCfg = Debug|Any CPU
		{FBE98E36-A9E3-4DBF-A875-61F40E7929C4}.Debug|Any CPU.Build.0 = Debug|Any CPU
		{FBE98E36-A9E3-4DBF-A875-61F40E7929C4}.Release|Any CPU.ActiveCfg = Release|Any CPU
		{FBE98E36-A9E3-4DBF-A875-61F40E7929C4}.Release|Any CPU.Build.0 = Release|Any CPU
		{784A4B43-BD96-479E-9C89-B4F9B9C47788}.Debug|Any CPU.ActiveCfg = Debug|Any CPU
		{784A4B43-BD96-479E-9C89-B4F9B9C47788}.Debug|Any CPU.Build.0 = Debug|Any CPU
		{784A4B43-BD96-479E-9C89-B4F9B9C47788}.Release|Any CPU.ActiveCfg = Release|Any CPU
		{784A4B43-BD96-479E-9C89-B4F9B9C47788}.Release|Any CPU.Build.0 = Release|Any CPU
		{6243C1B5-6518-4904-B65F-25B63A07BD19}.Debug|Any CPU.ActiveCfg = Debug|Any CPU
		{6243C1B5-6518-4904-B65F-25B63A07BD19}.Debug|Any CPU.Build.0 = Debug|Any CPU
		{6243C1B5-6518-4904-B65F-25B63A07BD19}.Debug|Any CPU.Deploy.0 = Debug|Any CPU
		{6243C1B5-6518-4904-B65F-25B63A07BD19}.Release|Any CPU.ActiveCfg = Release|Any CPU
		{6243C1B5-6518-4904-B65F-25B63A07BD19}.Release|Any CPU.Build.0 = Release|Any CPU
		{6243C1B5-6518-4904-B65F-25B63A07BD19}.Release|Any CPU.Deploy.0 = Release|Any CPU
		{AC6480DF-1813-45B9-99FE-B7B4A233E1F1}.Debug|Any CPU.ActiveCfg = Debug|Any CPU
		{AC6480DF-1813-45B9-99FE-B7B4A233E1F1}.Debug|Any CPU.Build.0 = Debug|Any CPU
		{AC6480DF-1813-45B9-99FE-B7B4A233E1F1}.Release|Any CPU.ActiveCfg = Release|Any CPU
		{AC6480DF-1813-45B9-99FE-B7B4A233E1F1}.Release|Any CPU.Build.0 = Release|Any CPU
	EndGlobalSection
	GlobalSection(SolutionProperties) = preSolution
		HideSolutionNode = FALSE
	EndGlobalSection
	GlobalSection(ExtensibilityGlobals) = postSolution
		SolutionGuid = {4BBD37A7-F32A-4419-80EA-9F866104BE9A}
	EndGlobalSection
EndGlobal
